// !$*UTF8*$!
{
	archiveVersion = 1;
	classes = {
	};
	objectVersion = 50;
	objects = {

/* Begin PBXBuildFile section */
		040E2B5723830E17000BCEDF /* Deck.swift in Sources */ = {isa = PBXBuildFile; fileRef = 040E2B5623830E17000BCEDF /* Deck.swift */; };
		0414AAE5234CF9BE00EE0FCB /* Card.swift in Sources */ = {isa = PBXBuildFile; fileRef = 0414AAE4234CF9BE00EE0FCB /* Card.swift */; };
		041B448D2396DB4600B5879B /* Dealer.swift in Sources */ = {isa = PBXBuildFile; fileRef = 041B448C2396DB4600B5879B /* Dealer.swift */; };
		041C6A4623467CD6000A5CBC /* AppDelegate.swift in Sources */ = {isa = PBXBuildFile; fileRef = 041C6A4523467CD6000A5CBC /* AppDelegate.swift */; };
		041C6A4823467CD6000A5CBC /* SceneDelegate.swift in Sources */ = {isa = PBXBuildFile; fileRef = 041C6A4723467CD6000A5CBC /* SceneDelegate.swift */; };
		041C6A4A23467CD6000A5CBC /* ViewController.swift in Sources */ = {isa = PBXBuildFile; fileRef = 041C6A4923467CD6000A5CBC /* ViewController.swift */; };
		041C6A4D23467CD6000A5CBC /* Main.storyboard in Resources */ = {isa = PBXBuildFile; fileRef = 041C6A4B23467CD6000A5CBC /* Main.storyboard */; };
		041C6A4F23467CD7000A5CBC /* Assets.xcassets in Resources */ = {isa = PBXBuildFile; fileRef = 041C6A4E23467CD7000A5CBC /* Assets.xcassets */; };
		041C6A5223467CD7000A5CBC /* LaunchScreen.storyboard in Resources */ = {isa = PBXBuildFile; fileRef = 041C6A5023467CD7000A5CBC /* LaunchScreen.storyboard */; };
		041E5C3323870B9100E78B7A /* Hand.swift in Sources */ = {isa = PBXBuildFile; fileRef = 041E5C3223870B9100E78B7A /* Hand.swift */; };
		0461332E2387532300280855 /* CardTitles.swift in Sources */ = {isa = PBXBuildFile; fileRef = 0461332D2387532300280855 /* CardTitles.swift */; };
		04837BFF2385DB92001D8F60 /* Suits.swift in Sources */ = {isa = PBXBuildFile; fileRef = 04837BFE2385DB92001D8F60 /* Suits.swift */; };
		04961EE62388AB140070EE1D /* Player.swift in Sources */ = {isa = PBXBuildFile; fileRef = 04961EE52388AB140070EE1D /* Player.swift */; };
		04961EE82388AD830070EE1D /* LivePlayer.swift in Sources */ = {isa = PBXBuildFile; fileRef = 04961EE72388AD830070EE1D /* LivePlayer.swift */; };
		0498C3F023FC58A80009D480 /* PlayerStatus.swift in Sources */ = {isa = PBXBuildFile; fileRef = 0498C3EF23FC58A80009D480 /* PlayerStatus.swift */; };
		0498C3F223FC59720009D480 /* Game.swift in Sources */ = {isa = PBXBuildFile; fileRef = 0498C3F123FC59720009D480 /* Game.swift */; };
/* End PBXBuildFile section */

/* Begin PBXFileReference section */
		040E2B5623830E17000BCEDF /* Deck.swift */ = {isa = PBXFileReference; lastKnownFileType = sourcecode.swift; path = Deck.swift; sourceTree = "<group>"; };
		0414AAE4234CF9BE00EE0FCB /* Card.swift */ = {isa = PBXFileReference; lastKnownFileType = sourcecode.swift; path = Card.swift; sourceTree = "<group>"; };
		041B448C2396DB4600B5879B /* Dealer.swift */ = {isa = PBXFileReference; lastKnownFileType = sourcecode.swift; path = Dealer.swift; sourceTree = "<group>"; };
		041C6A4223467CD6000A5CBC /* Blackjack.app */ = {isa = PBXFileReference; explicitFileType = wrapper.application; includeInIndex = 0; path = Blackjack.app; sourceTree = BUILT_PRODUCTS_DIR; };
		041C6A4523467CD6000A5CBC /* AppDelegate.swift */ = {isa = PBXFileReference; lastKnownFileType = sourcecode.swift; path = AppDelegate.swift; sourceTree = "<group>"; };
		041C6A4723467CD6000A5CBC /* SceneDelegate.swift */ = {isa = PBXFileReference; lastKnownFileType = sourcecode.swift; path = SceneDelegate.swift; sourceTree = "<group>"; };
		041C6A4923467CD6000A5CBC /* ViewController.swift */ = {isa = PBXFileReference; lastKnownFileType = sourcecode.swift; path = ViewController.swift; sourceTree = "<group>"; };
		041C6A4C23467CD6000A5CBC /* Base */ = {isa = PBXFileReference; lastKnownFileType = file.storyboard; name = Base; path = Base.lproj/Main.storyboard; sourceTree = "<group>"; };
		041C6A4E23467CD7000A5CBC /* Assets.xcassets */ = {isa = PBXFileReference; lastKnownFileType = folder.assetcatalog; path = Assets.xcassets; sourceTree = "<group>"; };
		041C6A5123467CD7000A5CBC /* Base */ = {isa = PBXFileReference; lastKnownFileType = file.storyboard; name = Base; path = Base.lproj/LaunchScreen.storyboard; sourceTree = "<group>"; };
		041C6A5323467CD7000A5CBC /* Info.plist */ = {isa = PBXFileReference; lastKnownFileType = text.plist.xml; path = Info.plist; sourceTree = "<group>"; };
		041E5C3223870B9100E78B7A /* Hand.swift */ = {isa = PBXFileReference; lastKnownFileType = sourcecode.swift; path = Hand.swift; sourceTree = "<group>"; };
		0461332D2387532300280855 /* CardTitles.swift */ = {isa = PBXFileReference; lastKnownFileType = sourcecode.swift; path = CardTitles.swift; sourceTree = "<group>"; };
		04837BFE2385DB92001D8F60 /* Suits.swift */ = {isa = PBXFileReference; lastKnownFileType = sourcecode.swift; path = Suits.swift; sourceTree = "<group>"; };
		04961EE52388AB140070EE1D /* Player.swift */ = {isa = PBXFileReference; lastKnownFileType = sourcecode.swift; path = Player.swift; sourceTree = "<group>"; };
		04961EE72388AD830070EE1D /* LivePlayer.swift */ = {isa = PBXFileReference; lastKnownFileType = sourcecode.swift; path = LivePlayer.swift; sourceTree = "<group>"; };
		0498C3EF23FC58A80009D480 /* PlayerStatus.swift */ = {isa = PBXFileReference; lastKnownFileType = sourcecode.swift; path = PlayerStatus.swift; sourceTree = "<group>"; };
		0498C3F123FC59720009D480 /* Game.swift */ = {isa = PBXFileReference; lastKnownFileType = sourcecode.swift; path = Game.swift; sourceTree = "<group>"; };
/* End PBXFileReference section */

/* Begin PBXFrameworksBuildPhase section */
		041C6A3F23467CD6000A5CBC /* Frameworks */ = {
			isa = PBXFrameworksBuildPhase;
			buildActionMask = 2147483647;
			files = (
			);
			runOnlyForDeploymentPostprocessing = 0;
		};
/* End PBXFrameworksBuildPhase section */

/* Begin PBXGroup section */
		0414AAE6234CF9D200EE0FCB /* Model */ = {
			isa = PBXGroup;
			children = (
				040E2B5623830E17000BCEDF /* Deck.swift */,
				0414AAE4234CF9BE00EE0FCB /* Card.swift */,
				04837BFE2385DB92001D8F60 /* Suits.swift */,
				041E5C3223870B9100E78B7A /* Hand.swift */,
				0461332D2387532300280855 /* CardTitles.swift */,
				04961EE52388AB140070EE1D /* Player.swift */,
				04961EE72388AD830070EE1D /* LivePlayer.swift */,
				041B448C2396DB4600B5879B /* Dealer.swift */,
				0498C3EF23FC58A80009D480 /* PlayerStatus.swift */,
				0498C3F123FC59720009D480 /* Game.swift */,
			);
			path = Model;
			sourceTree = "<group>";
		};
		041C6A3923467CD6000A5CBC = {
			isa = PBXGroup;
			children = (
				041C6A4423467CD6000A5CBC /* Blackjack */,
				041C6A4323467CD6000A5CBC /* Products */,
			);
			sourceTree = "<group>";
		};
		041C6A4323467CD6000A5CBC /* Products */ = {
			isa = PBXGroup;
			children = (
				041C6A4223467CD6000A5CBC /* Blackjack.app */,
			);
			name = Products;
			sourceTree = "<group>";
		};
		041C6A4423467CD6000A5CBC /* Blackjack */ = {
			isa = PBXGroup;
			children = (
				041C6A4523467CD6000A5CBC /* AppDelegate.swift */,
				041C6A4723467CD6000A5CBC /* SceneDelegate.swift */,
				041C6A4923467CD6000A5CBC /* ViewController.swift */,
				041C6A4B23467CD6000A5CBC /* Main.storyboard */,
				041C6A4E23467CD7000A5CBC /* Assets.xcassets */,
				041C6A5023467CD7000A5CBC /* LaunchScreen.storyboard */,
				041C6A5323467CD7000A5CBC /* Info.plist */,
				0414AAE6234CF9D200EE0FCB /* Model */,
			);
			path = Blackjack;
			sourceTree = "<group>";
		};
/* End PBXGroup section */

/* Begin PBXNativeTarget section */
		041C6A4123467CD6000A5CBC /* Blackjack */ = {
			isa = PBXNativeTarget;
			buildConfigurationList = 041C6A5623467CD7000A5CBC /* Build configuration list for PBXNativeTarget "Blackjack" */;
			buildPhases = (
				041C6A3E23467CD6000A5CBC /* Sources */,
				041C6A3F23467CD6000A5CBC /* Frameworks */,
				041C6A4023467CD6000A5CBC /* Resources */,
			);
			buildRules = (
			);
			dependencies = (
			);
			name = Blackjack;
			productName = Blackjack;
			productReference = 041C6A4223467CD6000A5CBC /* Blackjack.app */;
			productType = "com.apple.product-type.application";
		};
/* End PBXNativeTarget section */

/* Begin PBXProject section */
		041C6A3A23467CD6000A5CBC /* Project object */ = {
			isa = PBXProject;
			attributes = {
				LastSwiftUpdateCheck = 1100;
				LastUpgradeCheck = 1100;
				ORGANIZATIONNAME = MobileDev;
				TargetAttributes = {
					041C6A4123467CD6000A5CBC = {
						CreatedOnToolsVersion = 11.0;
					};
				};
			};
			buildConfigurationList = 041C6A3D23467CD6000A5CBC /* Build configuration list for PBXProject "Blackjack" */;
			compatibilityVersion = "Xcode 9.3";
			developmentRegion = en;
			hasScannedForEncodings = 0;
			knownRegions = (
				en,
				Base,
			);
			mainGroup = 041C6A3923467CD6000A5CBC;
			productRefGroup = 041C6A4323467CD6000A5CBC /* Products */;
			projectDirPath = "";
			projectRoot = "";
			targets = (
				041C6A4123467CD6000A5CBC /* Blackjack */,
			);
		};
/* End PBXProject section */

/* Begin PBXResourcesBuildPhase section */
		041C6A4023467CD6000A5CBC /* Resources */ = {
			isa = PBXResourcesBuildPhase;
			buildActionMask = 2147483647;
			files = (
				041C6A5223467CD7000A5CBC /* LaunchScreen.storyboard in Resources */,
				041C6A4F23467CD7000A5CBC /* Assets.xcassets in Resources */,
				041C6A4D23467CD6000A5CBC /* Main.storyboard in Resources */,
			);
			runOnlyForDeploymentPostprocessing = 0;
		};
/* End PBXResourcesBuildPhase section */

/* Begin PBXSourcesBuildPhase section */
		041C6A3E23467CD6000A5CBC /* Sources */ = {
			isa = PBXSourcesBuildPhase;
			buildActionMask = 2147483647;
			files = (
				041E5C3323870B9100E78B7A /* Hand.swift in Sources */,
				041C6A4A23467CD6000A5CBC /* ViewController.swift in Sources */,
				0498C3F023FC58A80009D480 /* PlayerStatus.swift in Sources */,
				0498C3F223FC59720009D480 /* Game.swift in Sources */,
				04961EE82388AD830070EE1D /* LivePlayer.swift in Sources */,
				041C6A4623467CD6000A5CBC /* AppDelegate.swift in Sources */,
				0461332E2387532300280855 /* CardTitles.swift in Sources */,
				040E2B5723830E17000BCEDF /* Deck.swift in Sources */,
				041C6A4823467CD6000A5CBC /* SceneDelegate.swift in Sources */,
				04837BFF2385DB92001D8F60 /* Suits.swift in Sources */,
				04961EE62388AB140070EE1D /* Player.swift in Sources */,
				041B448D2396DB4600B5879B /* Dealer.swift in Sources */,
				0414AAE5234CF9BE00EE0FCB /* Card.swift in Sources */,
			);
			runOnlyForDeploymentPostprocessing = 0;
		};
/* End PBXSourcesBuildPhase section */

/* Begin PBXVariantGroup section */
		041C6A4B23467CD6000A5CBC /* Main.storyboard */ = {
			isa = PBXVariantGroup;
			children = (
				041C6A4C23467CD6000A5CBC /* Base */,
			);
			name = Main.storyboard;
			sourceTree = "<group>";
		};
		041C6A5023467CD7000A5CBC /* LaunchScreen.storyboard */ = {
			isa = PBXVariantGroup;
			children = (
				041C6A5123467CD7000A5CBC /* Base */,
			);
			name = LaunchScreen.storyboard;
			sourceTree = "<group>";
		};
/* End PBXVariantGroup section */

/* Begin XCBuildConfiguration section */
		041C6A5423467CD7000A5CBC /* Debug */ = {
			isa = XCBuildConfiguration;
			buildSettings = {
				ALWAYS_SEARCH_USER_PATHS = NO;
				CLANG_ANALYZER_NONNULL = YES;
				CLANG_ANALYZER_NUMBER_OBJECT_CONVERSION = YES_AGGRESSIVE;
				CLANG_CXX_LANGUAGE_STANDARD = "gnu++14";
				CLANG_CXX_LIBRARY = "libc++";
				CLANG_ENABLE_MODULES = YES;
				CLANG_ENABLE_OBJC_ARC = YES;
				CLANG_ENABLE_OBJC_WEAK = YES;
				CLANG_WARN_BLOCK_CAPTURE_AUTORELEASING = YES;
				CLANG_WARN_BOOL_CONVERSION = YES;
				CLANG_WARN_COMMA = YES;
				CLANG_WARN_CONSTANT_CONVERSION = YES;
				CLANG_WARN_DEPRECATED_OBJC_IMPLEMENTATIONS = YES;
				CLANG_WARN_DIRECT_OBJC_ISA_USAGE = YES_ERROR;
				CLANG_WARN_DOCUMENTATION_COMMENTS = YES;
				CLANG_WARN_EMPTY_BODY = YES;
				CLANG_WARN_ENUM_CONVERSION = YES;
				CLANG_WARN_INFINITE_RECURSION = YES;
				CLANG_WARN_INT_CONVERSION = YES;
				CLANG_WARN_NON_LITERAL_NULL_CONVERSION = YES;
				CLANG_WARN_OBJC_IMPLICIT_RETAIN_SELF = YES;
				CLANG_WARN_OBJC_LITERAL_CONVERSION = YES;
				CLANG_WARN_OBJC_ROOT_CLASS = YES_ERROR;
				CLANG_WARN_RANGE_LOOP_ANALYSIS = YES;
				CLANG_WARN_STRICT_PROTOTYPES = YES;
				CLANG_WARN_SUSPICIOUS_MOVE = YES;
				CLANG_WARN_UNGUARDED_AVAILABILITY = YES_AGGRESSIVE;
				CLANG_WARN_UNREACHABLE_CODE = YES;
				CLANG_WARN__DUPLICATE_METHOD_MATCH = YES;
				COPY_PHASE_STRIP = NO;
				DEBUG_INFORMATION_FORMAT = dwarf;
				ENABLE_STRICT_OBJC_MSGSEND = YES;
				ENABLE_TESTABILITY = YES;
				GCC_C_LANGUAGE_STANDARD = gnu11;
				GCC_DYNAMIC_NO_PIC = NO;
				GCC_NO_COMMON_BLOCKS = YES;
				GCC_OPTIMIZATION_LEVEL = 0;
				GCC_PREPROCESSOR_DEFINITIONS = (
					"DEBUG=1",
					"$(inherited)",
				);
				GCC_WARN_64_TO_32_BIT_CONVERSION = YES;
				GCC_WARN_ABOUT_RETURN_TYPE = YES_ERROR;
				GCC_WARN_UNDECLARED_SELECTOR = YES;
				GCC_WARN_UNINITIALIZED_AUTOS = YES_AGGRESSIVE;
				GCC_WARN_UNUSED_FUNCTION = YES;
				GCC_WARN_UNUSED_VARIABLE = YES;
				IPHONEOS_DEPLOYMENT_TARGET = 13.0;
				MTL_ENABLE_DEBUG_INFO = INCLUDE_SOURCE;
				MTL_FAST_MATH = YES;
				ONLY_ACTIVE_ARCH = YES;
				SDKROOT = iphoneos;
				SWIFT_ACTIVE_COMPILATION_CONDITIONS = DEBUG;
				SWIFT_OPTIMIZATION_LEVEL = "-Onone";
			};
			name = Debug;
		};
		041C6A5523467CD7000A5CBC /* Release */ = {
			isa = XCBuildConfiguration;
			buildSettings = {
				ALWAYS_SEARCH_USER_PATHS = NO;
				CLANG_ANALYZER_NONNULL = YES;
				CLANG_ANALYZER_NUMBER_OBJECT_CONVERSION = YES_AGGRESSIVE;
				CLANG_CXX_LANGUAGE_STANDARD = "gnu++14";
				CLANG_CXX_LIBRARY = "libc++";
				CLANG_ENABLE_MODULES = YES;
				CLANG_ENABLE_OBJC_ARC = YES;
				CLANG_ENABLE_OBJC_WEAK = YES;
				CLANG_WARN_BLOCK_CAPTURE_AUTORELEASING = YES;
				CLANG_WARN_BOOL_CONVERSION = YES;
				CLANG_WARN_COMMA = YES;
				CLANG_WARN_CONSTANT_CONVERSION = YES;
				CLANG_WARN_DEPRECATED_OBJC_IMPLEMENTATIONS = YES;
				CLANG_WARN_DIRECT_OBJC_ISA_USAGE = YES_ERROR;
				CLANG_WARN_DOCUMENTATION_COMMENTS = YES;
				CLANG_WARN_EMPTY_BODY = YES;
				CLANG_WARN_ENUM_CONVERSION = YES;
				CLANG_WARN_INFINITE_RECURSION = YES;
				CLANG_WARN_INT_CONVERSION = YES;
				CLANG_WARN_NON_LITERAL_NULL_CONVERSION = YES;
				CLANG_WARN_OBJC_IMPLICIT_RETAIN_SELF = YES;
				CLANG_WARN_OBJC_LITERAL_CONVERSION = YES;
				CLANG_WARN_OBJC_ROOT_CLASS = YES_ERROR;
				CLANG_WARN_RANGE_LOOP_ANALYSIS = YES;
				CLANG_WARN_STRICT_PROTOTYPES = YES;
				CLANG_WARN_SUSPICIOUS_MOVE = YES;
				CLANG_WARN_UNGUARDED_AVAILABILITY = YES_AGGRESSIVE;
				CLANG_WARN_UNREACHABLE_CODE = YES;
				CLANG_WARN__DUPLICATE_METHOD_MATCH = YES;
				COPY_PHASE_STRIP = NO;
				DEBUG_INFORMATION_FORMAT = "dwarf-with-dsym";
				ENABLE_NS_ASSERTIONS = NO;
				ENABLE_STRICT_OBJC_MSGSEND = YES;
				GCC_C_LANGUAGE_STANDARD = gnu11;
				GCC_NO_COMMON_BLOCKS = YES;
				GCC_WARN_64_TO_32_BIT_CONVERSION = YES;
				GCC_WARN_ABOUT_RETURN_TYPE = YES_ERROR;
				GCC_WARN_UNDECLARED_SELECTOR = YES;
				GCC_WARN_UNINITIALIZED_AUTOS = YES_AGGRESSIVE;
				GCC_WARN_UNUSED_FUNCTION = YES;
				GCC_WARN_UNUSED_VARIABLE = YES;
				IPHONEOS_DEPLOYMENT_TARGET = 13.0;
				MTL_ENABLE_DEBUG_INFO = NO;
				MTL_FAST_MATH = YES;
				SDKROOT = iphoneos;
				SWIFT_COMPILATION_MODE = wholemodule;
				SWIFT_OPTIMIZATION_LEVEL = "-O";
				VALIDATE_PRODUCT = YES;
			};
			name = Release;
		};
		041C6A5723467CD7000A5CBC /* Debug */ = {
			isa = XCBuildConfiguration;
			buildSettings = {
				ASSETCATALOG_COMPILER_APPICON_NAME = AppIcon;
				CODE_SIGN_STYLE = Automatic;
				DEVELOPMENT_TEAM = Q79HY7288P;
				INFOPLIST_FILE = Blackjack/Info.plist;
				LD_RUNPATH_SEARCH_PATHS = (
					"$(inherited)",
					"@executable_path/Frameworks",
				);
				PRODUCT_BUNDLE_IDENTIFIER = com.jackmunkonge.Blackjack;
				PRODUCT_NAME = "$(TARGET_NAME)";
				SWIFT_VERSION = 5.0;
				TARGETED_DEVICE_FAMILY = "1,2";
			};
			name = Debug;
		};
		041C6A5823467CD7000A5CBC /* Release */ = {
			isa = XCBuildConfiguration;
			buildSettings = {
				ASSETCATALOG_COMPILER_APPICON_NAME = AppIcon;
				CODE_SIGN_STYLE = Automatic;
				DEVELOPMENT_TEAM = Q79HY7288P;
				INFOPLIST_FILE = Blackjack/Info.plist;
				LD_RUNPATH_SEARCH_PATHS = (
					"$(inherited)",
					"@executable_path/Frameworks",
				);
				PRODUCT_BUNDLE_IDENTIFIER = com.jackmunkonge.Blackjack;
				PRODUCT_NAME = "$(TARGET_NAME)";
				SWIFT_VERSION = 5.0;
				TARGETED_DEVICE_FAMILY = "1,2";
			};
			name = Release;
		};
/* End XCBuildConfiguration section */

/* Begin XCConfigurationList section */
		041C6A3D23467CD6000A5CBC /* Build configuration list for PBXProject "Blackjack" */ = {
			isa = XCConfigurationList;
			buildConfigurations = (
				041C6A5423467CD7000A5CBC /* Debug */,
				041C6A5523467CD7000A5CBC /* Release */,
			);
			defaultConfigurationIsVisible = 0;
			defaultConfigurationName = Release;
		};
		041C6A5623467CD7000A5CBC /* Build configuration list for PBXNativeTarget "Blackjack" */ = {
			isa = XCConfigurationList;
			buildConfigurations = (
				041C6A5723467CD7000A5CBC /* Debug */,
				041C6A5823467CD7000A5CBC /* Release */,
			);
			defaultConfigurationIsVisible = 0;
			defaultConfigurationName = Release;
		};
/* End XCConfigurationList section */
	};
	rootObject = 041C6A3A23467CD6000A5CBC /* Project object */;
}
